# This file is automatically @generated by Cargo.
# It is not intended for manual editing.
[[package]]
name = "ansi_term"
version = "0.11.0"
source = "registry+https://github.com/rust-lang/crates.io-index"
dependencies = [
 "winapi 0.3.8 (registry+https://github.com/rust-lang/crates.io-index)",
]

[[package]]
name = "arrayvec"
version = "0.4.11"
source = "registry+https://github.com/rust-lang/crates.io-index"
dependencies = [
 "nodrop 0.1.13 (registry+https://github.com/rust-lang/crates.io-index)",
]

[[package]]
name = "atty"
version = "0.2.13"
source = "registry+https://github.com/rust-lang/crates.io-index"
dependencies = [
 "libc 0.2.62 (registry+https://github.com/rust-lang/crates.io-index)",
 "winapi 0.3.8 (registry+https://github.com/rust-lang/crates.io-index)",
]

[[package]]
name = "autocfg"
version = "0.1.6"
source = "registry+https://github.com/rust-lang/crates.io-index"

[[package]]
name = "bitflags"
version = "1.1.0"
source = "registry+https://github.com/rust-lang/crates.io-index"

[[package]]
name = "byte-unit"
version = "3.0.3"
source = "registry+https://github.com/rust-lang/crates.io-index"

[[package]]
name = "cassowary"
version = "0.3.0"
source = "registry+https://github.com/rust-lang/crates.io-index"

[[package]]
name = "cc"
version = "1.0.45"
source = "registry+https://github.com/rust-lang/crates.io-index"

[[package]]
name = "cfg-if"
version = "0.1.9"
source = "registry+https://github.com/rust-lang/crates.io-index"

[[package]]
name = "chrono"
version = "0.4.10"
source = "registry+https://github.com/rust-lang/crates.io-index"
dependencies = [
 "num-integer 0.1.41 (registry+https://github.com/rust-lang/crates.io-index)",
 "num-traits 0.2.8 (registry+https://github.com/rust-lang/crates.io-index)",
 "time 0.1.42 (registry+https://github.com/rust-lang/crates.io-index)",
]

[[package]]
name = "clap"
version = "2.31.2"
source = "registry+https://github.com/rust-lang/crates.io-index"
dependencies = [
 "ansi_term 0.11.0 (registry+https://github.com/rust-lang/crates.io-index)",
 "atty 0.2.13 (registry+https://github.com/rust-lang/crates.io-index)",
 "bitflags 1.1.0 (registry+https://github.com/rust-lang/crates.io-index)",
 "strsim 0.7.0 (registry+https://github.com/rust-lang/crates.io-index)",
 "textwrap 0.9.0 (registry+https://github.com/rust-lang/crates.io-index)",
 "unicode-width 0.1.6 (registry+https://github.com/rust-lang/crates.io-index)",
 "vec_map 0.8.1 (registry+https://github.com/rust-lang/crates.io-index)",
]

[[package]]
name = "core-foundation"
version = "0.7.0"
source = "registry+https://github.com/rust-lang/crates.io-index"
dependencies = [
 "core-foundation-sys 0.7.0 (registry+https://github.com/rust-lang/crates.io-index)",
 "libc 0.2.62 (registry+https://github.com/rust-lang/crates.io-index)",
]

[[package]]
name = "core-foundation-sys"
version = "0.7.0"
source = "registry+https://github.com/rust-lang/crates.io-index"

[[package]]
name = "crossbeam-deque"
version = "0.7.1"
source = "registry+https://github.com/rust-lang/crates.io-index"
dependencies = [
 "crossbeam-epoch 0.7.2 (registry+https://github.com/rust-lang/crates.io-index)",
 "crossbeam-utils 0.6.6 (registry+https://github.com/rust-lang/crates.io-index)",
]

[[package]]
name = "crossbeam-epoch"
version = "0.7.2"
source = "registry+https://github.com/rust-lang/crates.io-index"
dependencies = [
 "arrayvec 0.4.11 (registry+https://github.com/rust-lang/crates.io-index)",
 "cfg-if 0.1.9 (registry+https://github.com/rust-lang/crates.io-index)",
 "crossbeam-utils 0.6.6 (registry+https://github.com/rust-lang/crates.io-index)",
 "lazy_static 1.4.0 (registry+https://github.com/rust-lang/crates.io-index)",
 "memoffset 0.5.1 (registry+https://github.com/rust-lang/crates.io-index)",
 "scopeguard 1.0.0 (registry+https://github.com/rust-lang/crates.io-index)",
]

[[package]]
name = "crossbeam-queue"
version = "0.1.2"
source = "registry+https://github.com/rust-lang/crates.io-index"
dependencies = [
 "crossbeam-utils 0.6.6 (registry+https://github.com/rust-lang/crates.io-index)",
]

[[package]]
name = "crossbeam-utils"
version = "0.6.6"
source = "registry+https://github.com/rust-lang/crates.io-index"
dependencies = [
 "cfg-if 0.1.9 (registry+https://github.com/rust-lang/crates.io-index)",
 "lazy_static 1.4.0 (registry+https://github.com/rust-lang/crates.io-index)",
]

[[package]]
name = "darwin-libproc"
version = "0.1.1"
source = "registry+https://github.com/rust-lang/crates.io-index"
dependencies = [
 "darwin-libproc-sys 0.1.1 (registry+https://github.com/rust-lang/crates.io-index)",
 "libc 0.2.62 (registry+https://github.com/rust-lang/crates.io-index)",
 "memchr 2.2.1 (registry+https://github.com/rust-lang/crates.io-index)",
]

[[package]]
name = "darwin-libproc-sys"
version = "0.1.1"
source = "registry+https://github.com/rust-lang/crates.io-index"
dependencies = [
 "libc 0.2.62 (registry+https://github.com/rust-lang/crates.io-index)",
]

[[package]]
name = "doc-comment"
version = "0.3.1"
source = "registry+https://github.com/rust-lang/crates.io-index"

[[package]]
name = "either"
version = "1.5.3"
source = "registry+https://github.com/rust-lang/crates.io-index"

[[package]]
name = "futures"
version = "0.3.1"
source = "registry+https://github.com/rust-lang/crates.io-index"
dependencies = [
 "futures-channel 0.3.1 (registry+https://github.com/rust-lang/crates.io-index)",
 "futures-core 0.3.1 (registry+https://github.com/rust-lang/crates.io-index)",
 "futures-executor 0.3.1 (registry+https://github.com/rust-lang/crates.io-index)",
 "futures-io 0.3.1 (registry+https://github.com/rust-lang/crates.io-index)",
 "futures-sink 0.3.1 (registry+https://github.com/rust-lang/crates.io-index)",
 "futures-task 0.3.1 (registry+https://github.com/rust-lang/crates.io-index)",
 "futures-util 0.3.1 (registry+https://github.com/rust-lang/crates.io-index)",
]

[[package]]
name = "futures-channel"
version = "0.3.1"
source = "registry+https://github.com/rust-lang/crates.io-index"
dependencies = [
 "futures-core 0.3.1 (registry+https://github.com/rust-lang/crates.io-index)",
 "futures-sink 0.3.1 (registry+https://github.com/rust-lang/crates.io-index)",
]

[[package]]
name = "futures-core"
version = "0.3.1"
source = "registry+https://github.com/rust-lang/crates.io-index"

[[package]]
name = "futures-executor"
version = "0.3.1"
source = "registry+https://github.com/rust-lang/crates.io-index"
dependencies = [
 "futures-core 0.3.1 (registry+https://github.com/rust-lang/crates.io-index)",
 "futures-task 0.3.1 (registry+https://github.com/rust-lang/crates.io-index)",
 "futures-util 0.3.1 (registry+https://github.com/rust-lang/crates.io-index)",
]

[[package]]
name = "futures-io"
version = "0.3.1"
source = "registry+https://github.com/rust-lang/crates.io-index"

[[package]]
name = "futures-macro"
version = "0.3.1"
source = "registry+https://github.com/rust-lang/crates.io-index"
dependencies = [
 "proc-macro-hack 0.5.11 (registry+https://github.com/rust-lang/crates.io-index)",
 "proc-macro2 1.0.5 (registry+https://github.com/rust-lang/crates.io-index)",
 "quote 1.0.2 (registry+https://github.com/rust-lang/crates.io-index)",
 "syn 1.0.5 (registry+https://github.com/rust-lang/crates.io-index)",
]

[[package]]
name = "futures-sink"
version = "0.3.1"
source = "registry+https://github.com/rust-lang/crates.io-index"

[[package]]
name = "futures-task"
version = "0.3.1"
source = "registry+https://github.com/rust-lang/crates.io-index"

[[package]]
name = "futures-util"
version = "0.3.1"
source = "registry+https://github.com/rust-lang/crates.io-index"
dependencies = [
 "futures-channel 0.3.1 (registry+https://github.com/rust-lang/crates.io-index)",
 "futures-core 0.3.1 (registry+https://github.com/rust-lang/crates.io-index)",
 "futures-io 0.3.1 (registry+https://github.com/rust-lang/crates.io-index)",
 "futures-macro 0.3.1 (registry+https://github.com/rust-lang/crates.io-index)",
 "futures-sink 0.3.1 (registry+https://github.com/rust-lang/crates.io-index)",
 "futures-task 0.3.1 (registry+https://github.com/rust-lang/crates.io-index)",
 "memchr 2.2.1 (registry+https://github.com/rust-lang/crates.io-index)",
 "pin-utils 0.1.0-alpha.4 (registry+https://github.com/rust-lang/crates.io-index)",
 "proc-macro-hack 0.5.11 (registry+https://github.com/rust-lang/crates.io-index)",
 "proc-macro-nested 0.1.3 (registry+https://github.com/rust-lang/crates.io-index)",
 "slab 0.4.2 (registry+https://github.com/rust-lang/crates.io-index)",
]

[[package]]
name = "heim"
version = "0.0.9"
source = "registry+https://github.com/rust-lang/crates.io-index"
dependencies = [
 "heim-common 0.0.9 (registry+https://github.com/rust-lang/crates.io-index)",
 "heim-cpu 0.0.9 (registry+https://github.com/rust-lang/crates.io-index)",
 "heim-derive 0.0.9 (registry+https://github.com/rust-lang/crates.io-index)",
 "heim-disk 0.0.9 (registry+https://github.com/rust-lang/crates.io-index)",
 "heim-host 0.0.9 (registry+https://github.com/rust-lang/crates.io-index)",
 "heim-memory 0.0.9 (registry+https://github.com/rust-lang/crates.io-index)",
 "heim-net 0.0.9 (registry+https://github.com/rust-lang/crates.io-index)",
 "heim-process 0.0.9 (registry+https://github.com/rust-lang/crates.io-index)",
 "heim-runtime 0.0.5 (registry+https://github.com/rust-lang/crates.io-index)",
 "heim-sensors 0.0.4 (registry+https://github.com/rust-lang/crates.io-index)",
 "heim-virt 0.0.9 (registry+https://github.com/rust-lang/crates.io-index)",
]

[[package]]
name = "heim-common"
version = "0.0.9"
source = "registry+https://github.com/rust-lang/crates.io-index"
dependencies = [
 "cfg-if 0.1.9 (registry+https://github.com/rust-lang/crates.io-index)",
 "core-foundation 0.7.0 (registry+https://github.com/rust-lang/crates.io-index)",
 "futures-core 0.3.1 (registry+https://github.com/rust-lang/crates.io-index)",
 "futures-util 0.3.1 (registry+https://github.com/rust-lang/crates.io-index)",
 "lazy_static 1.4.0 (registry+https://github.com/rust-lang/crates.io-index)",
 "libc 0.2.62 (registry+https://github.com/rust-lang/crates.io-index)",
 "mach 0.3.2 (registry+https://github.com/rust-lang/crates.io-index)",
 "nix 0.16.0 (registry+https://github.com/rust-lang/crates.io-index)",
 "pin-utils 0.1.0-alpha.4 (registry+https://github.com/rust-lang/crates.io-index)",
 "uom 0.26.0 (registry+https://github.com/rust-lang/crates.io-index)",
 "winapi 0.3.8 (registry+https://github.com/rust-lang/crates.io-index)",
]

[[package]]
name = "heim-cpu"
version = "0.0.9"
source = "registry+https://github.com/rust-lang/crates.io-index"
dependencies = [
 "cfg-if 0.1.9 (registry+https://github.com/rust-lang/crates.io-index)",
 "heim-common 0.0.9 (registry+https://github.com/rust-lang/crates.io-index)",
 "heim-derive 0.0.9 (registry+https://github.com/rust-lang/crates.io-index)",
 "heim-runtime 0.0.5 (registry+https://github.com/rust-lang/crates.io-index)",
 "lazy_static 1.4.0 (registry+https://github.com/rust-lang/crates.io-index)",
 "libc 0.2.62 (registry+https://github.com/rust-lang/crates.io-index)",
 "mach 0.3.2 (registry+https://github.com/rust-lang/crates.io-index)",
 "winapi 0.3.8 (registry+https://github.com/rust-lang/crates.io-index)",
]

[[package]]
name = "heim-derive"
version = "0.0.9"
source = "registry+https://github.com/rust-lang/crates.io-index"
dependencies = [
 "proc-macro2 1.0.5 (registry+https://github.com/rust-lang/crates.io-index)",
 "quote 1.0.2 (registry+https://github.com/rust-lang/crates.io-index)",
 "syn 1.0.5 (registry+https://github.com/rust-lang/crates.io-index)",
]

[[package]]
name = "heim-disk"
version = "0.0.9"
source = "registry+https://github.com/rust-lang/crates.io-index"
dependencies = [
 "bitflags 1.1.0 (registry+https://github.com/rust-lang/crates.io-index)",
 "cfg-if 0.1.9 (registry+https://github.com/rust-lang/crates.io-index)",
 "core-foundation 0.7.0 (registry+https://github.com/rust-lang/crates.io-index)",
 "heim-common 0.0.9 (registry+https://github.com/rust-lang/crates.io-index)",
 "heim-derive 0.0.9 (registry+https://github.com/rust-lang/crates.io-index)",
 "heim-runtime 0.0.5 (registry+https://github.com/rust-lang/crates.io-index)",
 "libc 0.2.62 (registry+https://github.com/rust-lang/crates.io-index)",
 "mach 0.3.2 (registry+https://github.com/rust-lang/crates.io-index)",
 "widestring 0.4.0 (registry+https://github.com/rust-lang/crates.io-index)",
 "winapi 0.3.8 (registry+https://github.com/rust-lang/crates.io-index)",
]

[[package]]
name = "heim-host"
version = "0.0.9"
source = "registry+https://github.com/rust-lang/crates.io-index"
dependencies = [
 "cfg-if 0.1.9 (registry+https://github.com/rust-lang/crates.io-index)",
 "heim-common 0.0.9 (registry+https://github.com/rust-lang/crates.io-index)",
 "heim-derive 0.0.9 (registry+https://github.com/rust-lang/crates.io-index)",
 "heim-runtime 0.0.5 (registry+https://github.com/rust-lang/crates.io-index)",
 "lazy_static 1.4.0 (registry+https://github.com/rust-lang/crates.io-index)",
 "libc 0.2.62 (registry+https://github.com/rust-lang/crates.io-index)",
 "mach 0.3.2 (registry+https://github.com/rust-lang/crates.io-index)",
 "platforms 0.2.1 (registry+https://github.com/rust-lang/crates.io-index)",
 "winapi 0.3.8 (registry+https://github.com/rust-lang/crates.io-index)",
]

[[package]]
name = "heim-memory"
version = "0.0.9"
source = "registry+https://github.com/rust-lang/crates.io-index"
dependencies = [
 "cfg-if 0.1.9 (registry+https://github.com/rust-lang/crates.io-index)",
 "heim-common 0.0.9 (registry+https://github.com/rust-lang/crates.io-index)",
 "heim-derive 0.0.9 (registry+https://github.com/rust-lang/crates.io-index)",
 "heim-runtime 0.0.5 (registry+https://github.com/rust-lang/crates.io-index)",
 "lazy_static 1.4.0 (registry+https://github.com/rust-lang/crates.io-index)",
 "libc 0.2.62 (registry+https://github.com/rust-lang/crates.io-index)",
 "mach 0.3.2 (registry+https://github.com/rust-lang/crates.io-index)",
 "winapi 0.3.8 (registry+https://github.com/rust-lang/crates.io-index)",
]

[[package]]
name = "heim-net"
version = "0.0.9"
source = "registry+https://github.com/rust-lang/crates.io-index"
dependencies = [
 "bitflags 1.1.0 (registry+https://github.com/rust-lang/crates.io-index)",
 "cfg-if 0.1.9 (registry+https://github.com/rust-lang/crates.io-index)",
 "heim-common 0.0.9 (registry+https://github.com/rust-lang/crates.io-index)",
 "heim-derive 0.0.9 (registry+https://github.com/rust-lang/crates.io-index)",
 "heim-runtime 0.0.5 (registry+https://github.com/rust-lang/crates.io-index)",
 "hex 0.4.0 (registry+https://github.com/rust-lang/crates.io-index)",
 "libc 0.2.62 (registry+https://github.com/rust-lang/crates.io-index)",
 "macaddr 0.1.2 (registry+https://github.com/rust-lang/crates.io-index)",
 "nix 0.16.0 (registry+https://github.com/rust-lang/crates.io-index)",
]

[[package]]
name = "heim-process"
version = "0.0.9"
source = "registry+https://github.com/rust-lang/crates.io-index"
dependencies = [
 "cfg-if 0.1.9 (registry+https://github.com/rust-lang/crates.io-index)",
 "darwin-libproc 0.1.1 (registry+https://github.com/rust-lang/crates.io-index)",
 "heim-common 0.0.9 (registry+https://github.com/rust-lang/crates.io-index)",
 "heim-cpu 0.0.9 (registry+https://github.com/rust-lang/crates.io-index)",
 "heim-derive 0.0.9 (registry+https://github.com/rust-lang/crates.io-index)",
 "heim-host 0.0.9 (registry+https://github.com/rust-lang/crates.io-index)",
 "heim-net 0.0.9 (registry+https://github.com/rust-lang/crates.io-index)",
 "heim-runtime 0.0.5 (registry+https://github.com/rust-lang/crates.io-index)",
 "lazy_static 1.4.0 (registry+https://github.com/rust-lang/crates.io-index)",
 "libc 0.2.62 (registry+https://github.com/rust-lang/crates.io-index)",
 "mach 0.3.2 (registry+https://github.com/rust-lang/crates.io-index)",
 "memchr 2.2.1 (registry+https://github.com/rust-lang/crates.io-index)",
 "ntapi 0.3.3 (registry+https://github.com/rust-lang/crates.io-index)",
 "ordered-float 1.0.2 (registry+https://github.com/rust-lang/crates.io-index)",
 "winapi 0.3.8 (registry+https://github.com/rust-lang/crates.io-index)",
]

[[package]]
name = "heim-runtime"
version = "0.0.5"
source = "registry+https://github.com/rust-lang/crates.io-index"
dependencies = [
 "cfg-if 0.1.9 (registry+https://github.com/rust-lang/crates.io-index)",
 "futures-channel 0.3.1 (registry+https://github.com/rust-lang/crates.io-index)",
 "heim-common 0.0.9 (registry+https://github.com/rust-lang/crates.io-index)",
 "lazy_static 1.4.0 (registry+https://github.com/rust-lang/crates.io-index)",
 "threadpool 1.7.1 (registry+https://github.com/rust-lang/crates.io-index)",
]

[[package]]
name = "heim-sensors"
version = "0.0.4"
source = "registry+https://github.com/rust-lang/crates.io-index"
dependencies = [
 "cfg-if 0.1.9 (registry+https://github.com/rust-lang/crates.io-index)",
 "heim-common 0.0.9 (registry+https://github.com/rust-lang/crates.io-index)",
 "heim-derive 0.0.9 (registry+https://github.com/rust-lang/crates.io-index)",
 "heim-runtime 0.0.5 (registry+https://github.com/rust-lang/crates.io-index)",
]

[[package]]
name = "heim-virt"
version = "0.0.9"
source = "registry+https://github.com/rust-lang/crates.io-index"
dependencies = [
 "cfg-if 0.1.9 (registry+https://github.com/rust-lang/crates.io-index)",
 "heim-common 0.0.9 (registry+https://github.com/rust-lang/crates.io-index)",
 "heim-runtime 0.0.5 (registry+https://github.com/rust-lang/crates.io-index)",
 "raw-cpuid 7.0.3 (registry+https://github.com/rust-lang/crates.io-index)",
]

[[package]]
name = "hex"
version = "0.4.0"
source = "registry+https://github.com/rust-lang/crates.io-index"

[[package]]
name = "itertools"
version = "0.8.2"
source = "registry+https://github.com/rust-lang/crates.io-index"
dependencies = [
 "either 1.5.3 (registry+https://github.com/rust-lang/crates.io-index)",
]

[[package]]
name = "lazy_static"
version = "1.4.0"
source = "registry+https://github.com/rust-lang/crates.io-index"

[[package]]
name = "libc"
version = "0.2.62"
source = "registry+https://github.com/rust-lang/crates.io-index"

[[package]]
name = "log"
version = "0.4.8"
source = "registry+https://github.com/rust-lang/crates.io-index"
dependencies = [
 "cfg-if 0.1.9 (registry+https://github.com/rust-lang/crates.io-index)",
]

[[package]]
name = "macaddr"
version = "0.1.2"
source = "registry+https://github.com/rust-lang/crates.io-index"

[[package]]
name = "mach"
version = "0.3.2"
source = "registry+https://github.com/rust-lang/crates.io-index"
dependencies = [
 "libc 0.2.62 (registry+https://github.com/rust-lang/crates.io-index)",
]

[[package]]
name = "memchr"
version = "2.2.1"
source = "registry+https://github.com/rust-lang/crates.io-index"

[[package]]
name = "memoffset"
version = "0.5.1"
source = "registry+https://github.com/rust-lang/crates.io-index"
dependencies = [
 "rustc_version 0.2.3 (registry+https://github.com/rust-lang/crates.io-index)",
]

[[package]]
name = "nix"
version = "0.16.0"
source = "registry+https://github.com/rust-lang/crates.io-index"
dependencies = [
 "bitflags 1.1.0 (registry+https://github.com/rust-lang/crates.io-index)",
 "cc 1.0.45 (registry+https://github.com/rust-lang/crates.io-index)",
 "cfg-if 0.1.9 (registry+https://github.com/rust-lang/crates.io-index)",
 "libc 0.2.62 (registry+https://github.com/rust-lang/crates.io-index)",
 "void 1.0.2 (registry+https://github.com/rust-lang/crates.io-index)",
]

[[package]]
name = "nodrop"
version = "0.1.13"
source = "registry+https://github.com/rust-lang/crates.io-index"

[[package]]
name = "ntapi"
version = "0.3.3"
source = "registry+https://github.com/rust-lang/crates.io-index"
dependencies = [
 "winapi 0.3.8 (registry+https://github.com/rust-lang/crates.io-index)",
]

[[package]]
name = "num"
version = "0.2.0"
source = "registry+https://github.com/rust-lang/crates.io-index"
dependencies = [
 "num-bigint 0.2.3 (registry+https://github.com/rust-lang/crates.io-index)",
 "num-complex 0.2.3 (registry+https://github.com/rust-lang/crates.io-index)",
 "num-integer 0.1.41 (registry+https://github.com/rust-lang/crates.io-index)",
 "num-iter 0.1.39 (registry+https://github.com/rust-lang/crates.io-index)",
 "num-rational 0.2.2 (registry+https://github.com/rust-lang/crates.io-index)",
 "num-traits 0.2.8 (registry+https://github.com/rust-lang/crates.io-index)",
]

[[package]]
name = "num-bigint"
version = "0.2.3"
source = "registry+https://github.com/rust-lang/crates.io-index"
dependencies = [
 "autocfg 0.1.6 (registry+https://github.com/rust-lang/crates.io-index)",
 "num-integer 0.1.41 (registry+https://github.com/rust-lang/crates.io-index)",
 "num-traits 0.2.8 (registry+https://github.com/rust-lang/crates.io-index)",
]

[[package]]
name = "num-complex"
version = "0.2.3"
source = "registry+https://github.com/rust-lang/crates.io-index"
dependencies = [
 "autocfg 0.1.6 (registry+https://github.com/rust-lang/crates.io-index)",
 "num-traits 0.2.8 (registry+https://github.com/rust-lang/crates.io-index)",
]

[[package]]
name = "num-derive"
version = "0.3.0"
source = "registry+https://github.com/rust-lang/crates.io-index"
dependencies = [
 "proc-macro2 1.0.5 (registry+https://github.com/rust-lang/crates.io-index)",
 "quote 1.0.2 (registry+https://github.com/rust-lang/crates.io-index)",
 "syn 1.0.5 (registry+https://github.com/rust-lang/crates.io-index)",
]

[[package]]
name = "num-integer"
version = "0.1.41"
source = "registry+https://github.com/rust-lang/crates.io-index"
dependencies = [
 "autocfg 0.1.6 (registry+https://github.com/rust-lang/crates.io-index)",
 "num-traits 0.2.8 (registry+https://github.com/rust-lang/crates.io-index)",
]

[[package]]
name = "num-iter"
version = "0.1.39"
source = "registry+https://github.com/rust-lang/crates.io-index"
dependencies = [
 "autocfg 0.1.6 (registry+https://github.com/rust-lang/crates.io-index)",
 "num-integer 0.1.41 (registry+https://github.com/rust-lang/crates.io-index)",
 "num-traits 0.2.8 (registry+https://github.com/rust-lang/crates.io-index)",
]

[[package]]
name = "num-rational"
version = "0.2.2"
source = "registry+https://github.com/rust-lang/crates.io-index"
dependencies = [
 "autocfg 0.1.6 (registry+https://github.com/rust-lang/crates.io-index)",
 "num-bigint 0.2.3 (registry+https://github.com/rust-lang/crates.io-index)",
 "num-integer 0.1.41 (registry+https://github.com/rust-lang/crates.io-index)",
 "num-traits 0.2.8 (registry+https://github.com/rust-lang/crates.io-index)",
]

[[package]]
name = "num-traits"
version = "0.2.8"
source = "registry+https://github.com/rust-lang/crates.io-index"
dependencies = [
 "autocfg 0.1.6 (registry+https://github.com/rust-lang/crates.io-index)",
]

[[package]]
name = "num_cpus"
version = "1.10.1"
source = "registry+https://github.com/rust-lang/crates.io-index"
dependencies = [
 "libc 0.2.62 (registry+https://github.com/rust-lang/crates.io-index)",
]

[[package]]
name = "numtoa"
version = "0.1.0"
source = "registry+https://github.com/rust-lang/crates.io-index"

[[package]]
name = "ordered-float"
version = "1.0.2"
source = "registry+https://github.com/rust-lang/crates.io-index"
dependencies = [
 "num-traits 0.2.8 (registry+https://github.com/rust-lang/crates.io-index)",
]

[[package]]
name = "pin-utils"
version = "0.1.0-alpha.4"
source = "registry+https://github.com/rust-lang/crates.io-index"

[[package]]
name = "platforms"
version = "0.2.1"
source = "registry+https://github.com/rust-lang/crates.io-index"

[[package]]
name = "proc-macro-hack"
version = "0.5.11"
source = "registry+https://github.com/rust-lang/crates.io-index"
dependencies = [
 "proc-macro2 1.0.5 (registry+https://github.com/rust-lang/crates.io-index)",
 "quote 1.0.2 (registry+https://github.com/rust-lang/crates.io-index)",
 "syn 1.0.5 (registry+https://github.com/rust-lang/crates.io-index)",
]

[[package]]
name = "proc-macro-nested"
version = "0.1.3"
source = "registry+https://github.com/rust-lang/crates.io-index"

[[package]]
name = "proc-macro2"
version = "1.0.5"
source = "registry+https://github.com/rust-lang/crates.io-index"
dependencies = [
 "unicode-xid 0.2.0 (registry+https://github.com/rust-lang/crates.io-index)",
]

[[package]]
name = "quote"
version = "1.0.2"
source = "registry+https://github.com/rust-lang/crates.io-index"
dependencies = [
 "proc-macro2 1.0.5 (registry+https://github.com/rust-lang/crates.io-index)",
]

[[package]]
name = "raw-cpuid"
version = "7.0.3"
source = "registry+https://github.com/rust-lang/crates.io-index"
dependencies = [
 "bitflags 1.1.0 (registry+https://github.com/rust-lang/crates.io-index)",
 "cc 1.0.45 (registry+https://github.com/rust-lang/crates.io-index)",
 "rustc_version 0.2.3 (registry+https://github.com/rust-lang/crates.io-index)",
]

[[package]]
name = "rayon"
version = "1.2.0"
source = "registry+https://github.com/rust-lang/crates.io-index"
dependencies = [
 "crossbeam-deque 0.7.1 (registry+https://github.com/rust-lang/crates.io-index)",
 "either 1.5.3 (registry+https://github.com/rust-lang/crates.io-index)",
 "rayon-core 1.6.0 (registry+https://github.com/rust-lang/crates.io-index)",
]

[[package]]
name = "rayon-core"
version = "1.6.0"
source = "registry+https://github.com/rust-lang/crates.io-index"
dependencies = [
 "crossbeam-deque 0.7.1 (registry+https://github.com/rust-lang/crates.io-index)",
 "crossbeam-queue 0.1.2 (registry+https://github.com/rust-lang/crates.io-index)",
 "crossbeam-utils 0.6.6 (registry+https://github.com/rust-lang/crates.io-index)",
 "lazy_static 1.4.0 (registry+https://github.com/rust-lang/crates.io-index)",
 "num_cpus 1.10.1 (registry+https://github.com/rust-lang/crates.io-index)",
]

[[package]]
name = "redox_syscall"
version = "0.1.56"
source = "registry+https://github.com/rust-lang/crates.io-index"

[[package]]
name = "redox_termios"
version = "0.1.1"
source = "registry+https://github.com/rust-lang/crates.io-index"
dependencies = [
 "redox_syscall 0.1.56 (registry+https://github.com/rust-lang/crates.io-index)",
]

[[package]]
name = "rustc_version"
version = "0.2.3"
source = "registry+https://github.com/rust-lang/crates.io-index"
dependencies = [
 "semver 0.9.0 (registry+https://github.com/rust-lang/crates.io-index)",
]

[[package]]
name = "scopeguard"
version = "1.0.0"
source = "registry+https://github.com/rust-lang/crates.io-index"

[[package]]
name = "semver"
version = "0.9.0"
source = "registry+https://github.com/rust-lang/crates.io-index"
dependencies = [
 "semver-parser 0.7.0 (registry+https://github.com/rust-lang/crates.io-index)",
]

[[package]]
name = "semver-parser"
version = "0.7.0"
source = "registry+https://github.com/rust-lang/crates.io-index"

[[package]]
name = "slab"
version = "0.4.2"
source = "registry+https://github.com/rust-lang/crates.io-index"

[[package]]
name = "strsim"
version = "0.7.0"
source = "registry+https://github.com/rust-lang/crates.io-index"

[[package]]
name = "syn"
version = "1.0.5"
source = "registry+https://github.com/rust-lang/crates.io-index"
dependencies = [
 "proc-macro2 1.0.5 (registry+https://github.com/rust-lang/crates.io-index)",
 "quote 1.0.2 (registry+https://github.com/rust-lang/crates.io-index)",
 "unicode-xid 0.2.0 (registry+https://github.com/rust-lang/crates.io-index)",
]

[[package]]
name = "sys-info"
version = "0.5.8"
source = "registry+https://github.com/rust-lang/crates.io-index"
dependencies = [
 "cc 1.0.45 (registry+https://github.com/rust-lang/crates.io-index)",
 "libc 0.2.62 (registry+https://github.com/rust-lang/crates.io-index)",
]

[[package]]
name = "sysinfo"
version = "0.9.5"
source = "git+https://github.com/bvaisvil/sysinfo#b7df27c42164532d4d0e49f82bb88e9b0adccfe2"
dependencies = [
 "cfg-if 0.1.9 (registry+https://github.com/rust-lang/crates.io-index)",
 "doc-comment 0.3.1 (registry+https://github.com/rust-lang/crates.io-index)",
 "libc 0.2.62 (registry+https://github.com/rust-lang/crates.io-index)",
 "rayon 1.2.0 (registry+https://github.com/rust-lang/crates.io-index)",
 "winapi 0.3.8 (registry+https://github.com/rust-lang/crates.io-index)",
]

[[package]]
name = "termion"
version = "1.5.3"
source = "registry+https://github.com/rust-lang/crates.io-index"
dependencies = [
 "libc 0.2.62 (registry+https://github.com/rust-lang/crates.io-index)",
 "numtoa 0.1.0 (registry+https://github.com/rust-lang/crates.io-index)",
 "redox_syscall 0.1.56 (registry+https://github.com/rust-lang/crates.io-index)",
 "redox_termios 0.1.1 (registry+https://github.com/rust-lang/crates.io-index)",
]

[[package]]
name = "textwrap"
version = "0.9.0"
source = "registry+https://github.com/rust-lang/crates.io-index"
dependencies = [
 "unicode-width 0.1.6 (registry+https://github.com/rust-lang/crates.io-index)",
]

[[package]]
name = "threadpool"
version = "1.7.1"
source = "registry+https://github.com/rust-lang/crates.io-index"
dependencies = [
 "num_cpus 1.10.1 (registry+https://github.com/rust-lang/crates.io-index)",
]

[[package]]
name = "time"
version = "0.1.42"
source = "registry+https://github.com/rust-lang/crates.io-index"
dependencies = [
 "libc 0.2.62 (registry+https://github.com/rust-lang/crates.io-index)",
 "redox_syscall 0.1.56 (registry+https://github.com/rust-lang/crates.io-index)",
 "winapi 0.3.8 (registry+https://github.com/rust-lang/crates.io-index)",
]

[[package]]
name = "tui"
version = "0.6.2"
source = "registry+https://github.com/rust-lang/crates.io-index"
dependencies = [
 "bitflags 1.1.0 (registry+https://github.com/rust-lang/crates.io-index)",
 "cassowary 0.3.0 (registry+https://github.com/rust-lang/crates.io-index)",
 "either 1.5.3 (registry+https://github.com/rust-lang/crates.io-index)",
 "itertools 0.8.2 (registry+https://github.com/rust-lang/crates.io-index)",
 "log 0.4.8 (registry+https://github.com/rust-lang/crates.io-index)",
 "termion 1.5.3 (registry+https://github.com/rust-lang/crates.io-index)",
 "unicode-segmentation 1.6.0 (registry+https://github.com/rust-lang/crates.io-index)",
 "unicode-width 0.1.6 (registry+https://github.com/rust-lang/crates.io-index)",
]

[[package]]
name = "typenum"
version = "1.11.2"
source = "registry+https://github.com/rust-lang/crates.io-index"

[[package]]
name = "unicode-segmentation"
version = "1.6.0"
source = "registry+https://github.com/rust-lang/crates.io-index"

[[package]]
name = "unicode-width"
version = "0.1.6"
source = "registry+https://github.com/rust-lang/crates.io-index"

[[package]]
name = "unicode-xid"
version = "0.2.0"
source = "registry+https://github.com/rust-lang/crates.io-index"

[[package]]
name = "uom"
version = "0.26.0"
source = "registry+https://github.com/rust-lang/crates.io-index"
dependencies = [
 "num-rational 0.2.2 (registry+https://github.com/rust-lang/crates.io-index)",
 "num-traits 0.2.8 (registry+https://github.com/rust-lang/crates.io-index)",
 "typenum 1.11.2 (registry+https://github.com/rust-lang/crates.io-index)",
]

[[package]]
name = "users"
version = "0.9.1"
source = "registry+https://github.com/rust-lang/crates.io-index"
dependencies = [
 "libc 0.2.62 (registry+https://github.com/rust-lang/crates.io-index)",
]

[[package]]
name = "vec_map"
version = "0.8.1"
source = "registry+https://github.com/rust-lang/crates.io-index"

[[package]]
name = "void"
version = "1.0.2"
source = "registry+https://github.com/rust-lang/crates.io-index"

[[package]]
name = "widestring"
version = "0.4.0"
source = "registry+https://github.com/rust-lang/crates.io-index"

[[package]]
name = "winapi"
version = "0.3.8"
source = "registry+https://github.com/rust-lang/crates.io-index"
dependencies = [
 "winapi-i686-pc-windows-gnu 0.4.0 (registry+https://github.com/rust-lang/crates.io-index)",
 "winapi-x86_64-pc-windows-gnu 0.4.0 (registry+https://github.com/rust-lang/crates.io-index)",
]

[[package]]
name = "winapi-i686-pc-windows-gnu"
version = "0.4.0"
source = "registry+https://github.com/rust-lang/crates.io-index"

[[package]]
name = "winapi-x86_64-pc-windows-gnu"
version = "0.4.0"
source = "registry+https://github.com/rust-lang/crates.io-index"

[[package]]
name = "zenith"
version = "0.7.0"
dependencies = [
 "byte-unit 3.0.3 (registry+https://github.com/rust-lang/crates.io-index)",
 "chrono 0.4.10 (registry+https://github.com/rust-lang/crates.io-index)",
 "clap 2.31.2 (registry+https://github.com/rust-lang/crates.io-index)",
 "futures 0.3.1 (registry+https://github.com/rust-lang/crates.io-index)",
 "heim 0.0.9 (registry+https://github.com/rust-lang/crates.io-index)",
 "num 0.2.0 (registry+https://github.com/rust-lang/crates.io-index)",
 "num-derive 0.3.0 (registry+https://github.com/rust-lang/crates.io-index)",
 "num-traits 0.2.8 (registry+https://github.com/rust-lang/crates.io-index)",
 "sys-info 0.5.8 (registry+https://github.com/rust-lang/crates.io-index)",
 "sysinfo 0.9.5 (git+https://github.com/bvaisvil/sysinfo)",
 "termion 1.5.3 (registry+https://github.com/rust-lang/crates.io-index)",
 "tui 0.6.2 (registry+https://github.com/rust-lang/crates.io-index)",
 "users 0.9.1 (registry+https://github.com/rust-lang/crates.io-index)",
]

[metadata]
"checksum ansi_term 0.11.0 (registry+https://github.com/rust-lang/crates.io-index)" = "ee49baf6cb617b853aa8d93bf420db2383fab46d314482ca2803b40d5fde979b"
"checksum arrayvec 0.4.11 (registry+https://github.com/rust-lang/crates.io-index)" = "b8d73f9beda665eaa98ab9e4f7442bd4e7de6652587de55b2525e52e29c1b0ba"
"checksum atty 0.2.13 (registry+https://github.com/rust-lang/crates.io-index)" = "1803c647a3ec87095e7ae7acfca019e98de5ec9a7d01343f611cf3152ed71a90"
"checksum autocfg 0.1.6 (registry+https://github.com/rust-lang/crates.io-index)" = "b671c8fb71b457dd4ae18c4ba1e59aa81793daacc361d82fcd410cef0d491875"
"checksum bitflags 1.1.0 (registry+https://github.com/rust-lang/crates.io-index)" = "3d155346769a6855b86399e9bc3814ab343cd3d62c7e985113d46a0ec3c281fd"
"checksum byte-unit 3.0.3 (registry+https://github.com/rust-lang/crates.io-index)" = "6894a79550807490d9f19a138a6da0f8830e70c83e83402dd23f16fd6c479056"
"checksum cassowary 0.3.0 (registry+https://github.com/rust-lang/crates.io-index)" = "df8670b8c7b9dae1793364eafadf7239c40d669904660c5960d74cfd80b46a53"
"checksum cc 1.0.45 (registry+https://github.com/rust-lang/crates.io-index)" = "4fc9a35e1f4290eb9e5fc54ba6cf40671ed2a2514c3eeb2b2a908dda2ea5a1be"
"checksum cfg-if 0.1.9 (registry+https://github.com/rust-lang/crates.io-index)" = "b486ce3ccf7ffd79fdeb678eac06a9e6c09fc88d33836340becb8fffe87c5e33"
"checksum chrono 0.4.10 (registry+https://github.com/rust-lang/crates.io-index)" = "31850b4a4d6bae316f7a09e691c944c28299298837edc0a03f755618c23cbc01"
"checksum clap 2.31.2 (registry+https://github.com/rust-lang/crates.io-index)" = "f0f16b89cbb9ee36d87483dc939fe9f1e13c05898d56d7b230a0d4dff033a536"
"checksum core-foundation 0.7.0 (registry+https://github.com/rust-lang/crates.io-index)" = "57d24c7a13c43e870e37c1556b74555437870a04514f7685f5b354e090567171"
"checksum core-foundation-sys 0.7.0 (registry+https://github.com/rust-lang/crates.io-index)" = "b3a71ab494c0b5b860bdc8407ae08978052417070c2ced38573a9157ad75b8ac"
"checksum crossbeam-deque 0.7.1 (registry+https://github.com/rust-lang/crates.io-index)" = "b18cd2e169ad86297e6bc0ad9aa679aee9daa4f19e8163860faf7c164e4f5a71"
"checksum crossbeam-epoch 0.7.2 (registry+https://github.com/rust-lang/crates.io-index)" = "fedcd6772e37f3da2a9af9bf12ebe046c0dfe657992377b4df982a2b54cd37a9"
"checksum crossbeam-queue 0.1.2 (registry+https://github.com/rust-lang/crates.io-index)" = "7c979cd6cfe72335896575c6b5688da489e420d36a27a0b9eb0c73db574b4a4b"
"checksum crossbeam-utils 0.6.6 (registry+https://github.com/rust-lang/crates.io-index)" = "04973fa96e96579258a5091af6003abde64af786b860f18622b82e026cca60e6"
"checksum darwin-libproc 0.1.1 (registry+https://github.com/rust-lang/crates.io-index)" = "ade5a88af8d9646bf770687321a9488a0f2b4610aa08b0373016cd1af37f0a31"
"checksum darwin-libproc-sys 0.1.1 (registry+https://github.com/rust-lang/crates.io-index)" = "c30d1a078d74da1183b02fed8a8b07afc412d3998334b53b750d0ed03b031541"
"checksum doc-comment 0.3.1 (registry+https://github.com/rust-lang/crates.io-index)" = "923dea538cea0aa3025e8685b20d6ee21ef99c4f77e954a30febbaac5ec73a97"
"checksum either 1.5.3 (registry+https://github.com/rust-lang/crates.io-index)" = "bb1f6b1ce1c140482ea30ddd3335fc0024ac7ee112895426e0a629a6c20adfe3"
"checksum futures 0.3.1 (registry+https://github.com/rust-lang/crates.io-index)" = "b6f16056ecbb57525ff698bb955162d0cd03bee84e6241c27ff75c08d8ca5987"
"checksum futures-channel 0.3.1 (registry+https://github.com/rust-lang/crates.io-index)" = "fcae98ca17d102fd8a3603727b9259fcf7fa4239b603d2142926189bc8999b86"
"checksum futures-core 0.3.1 (registry+https://github.com/rust-lang/crates.io-index)" = "79564c427afefab1dfb3298535b21eda083ef7935b4f0ecbfcb121f0aec10866"
"checksum futures-executor 0.3.1 (registry+https://github.com/rust-lang/crates.io-index)" = "1e274736563f686a837a0568b478bdabfeaec2dca794b5649b04e2fe1627c231"
"checksum futures-io 0.3.1 (registry+https://github.com/rust-lang/crates.io-index)" = "e676577d229e70952ab25f3945795ba5b16d63ca794ca9d2c860e5595d20b5ff"
"checksum futures-macro 0.3.1 (registry+https://github.com/rust-lang/crates.io-index)" = "52e7c56c15537adb4f76d0b7a76ad131cb4d2f4f32d3b0bcabcbe1c7c5e87764"
"checksum futures-sink 0.3.1 (registry+https://github.com/rust-lang/crates.io-index)" = "171be33efae63c2d59e6dbba34186fe0d6394fb378069a76dfd80fdcffd43c16"
"checksum futures-task 0.3.1 (registry+https://github.com/rust-lang/crates.io-index)" = "0bae52d6b29cf440e298856fec3965ee6fa71b06aa7495178615953fd669e5f9"
"checksum futures-util 0.3.1 (registry+https://github.com/rust-lang/crates.io-index)" = "c0d66274fb76985d3c62c886d1da7ac4c0903a8c9f754e8fe0f35a6a6cc39e76"
"checksum heim 0.0.9 (registry+https://github.com/rust-lang/crates.io-index)" = "28f11cfed41a4703f8f56ccbe411073c52bd3996d92e3ccac90d36bd0e86e0eb"
"checksum heim-common 0.0.9 (registry+https://github.com/rust-lang/crates.io-index)" = "f97d185137ab6437750cb22a115d4c64027620d48c57893d31720abcba42c388"
"checksum heim-cpu 0.0.9 (registry+https://github.com/rust-lang/crates.io-index)" = "328091d34621a28af550523e1c139749fa4bc4590a8ea91b160a0f4b82dd8b06"
"checksum heim-derive 0.0.9 (registry+https://github.com/rust-lang/crates.io-index)" = "dc97d9bf8ca9af8a02a533acea548756f23d4759474a1df8e79eb2b57f3cf7ac"
"checksum heim-disk 0.0.9 (registry+https://github.com/rust-lang/crates.io-index)" = "82179359c7b215ae46fe8ac0f9015b8e5dfd6368cd0d113f261b28cb8993713f"
"checksum heim-host 0.0.9 (registry+https://github.com/rust-lang/crates.io-index)" = "64b9c8c5f7d1479102a503e3f233241bfb819bf916f02b15e10ba5fbfee7a7f3"
"checksum heim-memory 0.0.9 (registry+https://github.com/rust-lang/crates.io-index)" = "d04e9e068b57049062622cf4a182a45f320459e266c39dfc52ca65fc8c178e3a"
"checksum heim-net 0.0.9 (registry+https://github.com/rust-lang/crates.io-index)" = "4c6323430ecae9b74378b37d0078768989c98b570daacec1d899737d90d72a5b"
"checksum heim-process 0.0.9 (registry+https://github.com/rust-lang/crates.io-index)" = "b20a58b335dc9837088b2c9290822b55c661071cb542f0002e62ed18e8464379"
"checksum heim-runtime 0.0.5 (registry+https://github.com/rust-lang/crates.io-index)" = "f87591c7b202868445a7da04b3d8f987b0672dd68c3d66e24fe8f759171dd612"
"checksum heim-sensors 0.0.4 (registry+https://github.com/rust-lang/crates.io-index)" = "6f663425e6ed38a6356ee5751a2ebae421f7449fd0507b7e698c7e1e9fabee0c"
"checksum heim-virt 0.0.9 (registry+https://github.com/rust-lang/crates.io-index)" = "7dd975e9ca42170c0f65102b867e69c3d060027f9bb02fb29cc554f7a0e5680b"
"checksum hex 0.4.0 (registry+https://github.com/rust-lang/crates.io-index)" = "023b39be39e3a2da62a94feb433e91e8bcd37676fbc8bea371daf52b7a769a3e"
"checksum itertools 0.8.2 (registry+https://github.com/rust-lang/crates.io-index)" = "f56a2d0bc861f9165be4eb3442afd3c236d8a98afd426f65d92324ae1091a484"
"checksum lazy_static 1.4.0 (registry+https://github.com/rust-lang/crates.io-index)" = "e2abad23fbc42b3700f2f279844dc832adb2b2eb069b2df918f455c4e18cc646"
"checksum libc 0.2.62 (registry+https://github.com/rust-lang/crates.io-index)" = "34fcd2c08d2f832f376f4173a231990fa5aef4e99fb569867318a227ef4c06ba"
"checksum log 0.4.8 (registry+https://github.com/rust-lang/crates.io-index)" = "14b6052be84e6b71ab17edffc2eeabf5c2c3ae1fdb464aae35ac50c67a44e1f7"
"checksum macaddr 0.1.2 (registry+https://github.com/rust-lang/crates.io-index)" = "bee538cb1031f87f970ba28f0e5ebfcdaf63ed1a000a4176b4117537c33d19fb"
"checksum mach 0.3.2 (registry+https://github.com/rust-lang/crates.io-index)" = "b823e83b2affd8f40a9ee8c29dbc56404c1e34cd2710921f2801e2cf29527afa"
"checksum memchr 2.2.1 (registry+https://github.com/rust-lang/crates.io-index)" = "88579771288728879b57485cc7d6b07d648c9f0141eb955f8ab7f9d45394468e"
"checksum memoffset 0.5.1 (registry+https://github.com/rust-lang/crates.io-index)" = "ce6075db033bbbb7ee5a0bbd3a3186bbae616f57fb001c485c7ff77955f8177f"
"checksum nix 0.16.0 (registry+https://github.com/rust-lang/crates.io-index)" = "19a8300bf427d432716764070ff70d5b2b7801c958b9049686e6cbd8b06fad92"
"checksum nodrop 0.1.13 (registry+https://github.com/rust-lang/crates.io-index)" = "2f9667ddcc6cc8a43afc9b7917599d7216aa09c463919ea32c59ed6cac8bc945"
"checksum ntapi 0.3.3 (registry+https://github.com/rust-lang/crates.io-index)" = "f26e041cd983acbc087e30fcba770380cfa352d0e392e175b2344ebaf7ea0602"
"checksum num 0.2.0 (registry+https://github.com/rust-lang/crates.io-index)" = "cf4825417e1e1406b3782a8ce92f4d53f26ec055e3622e1881ca8e9f5f9e08db"
"checksum num-bigint 0.2.3 (registry+https://github.com/rust-lang/crates.io-index)" = "f9c3f34cdd24f334cb265d9bf8bfa8a241920d026916785747a92f0e55541a1a"
"checksum num-complex 0.2.3 (registry+https://github.com/rust-lang/crates.io-index)" = "fcb0cf31fb3ff77e6d2a6ebd6800df7fdcd106f2ad89113c9130bcd07f93dffc"
"checksum num-derive 0.3.0 (registry+https://github.com/rust-lang/crates.io-index)" = "0c8b15b261814f992e33760b1fca9fe8b693d8a65299f20c9901688636cfb746"
"checksum num-integer 0.1.41 (registry+https://github.com/rust-lang/crates.io-index)" = "b85e541ef8255f6cf42bbfe4ef361305c6c135d10919ecc26126c4e5ae94bc09"
"checksum num-iter 0.1.39 (registry+https://github.com/rust-lang/crates.io-index)" = "76bd5272412d173d6bf9afdf98db8612bbabc9a7a830b7bfc9c188911716132e"
"checksum num-rational 0.2.2 (registry+https://github.com/rust-lang/crates.io-index)" = "f2885278d5fe2adc2f75ced642d52d879bffaceb5a2e0b1d4309ffdfb239b454"
"checksum num-traits 0.2.8 (registry+https://github.com/rust-lang/crates.io-index)" = "6ba9a427cfca2be13aa6f6403b0b7e7368fe982bfa16fccc450ce74c46cd9b32"
"checksum num_cpus 1.10.1 (registry+https://github.com/rust-lang/crates.io-index)" = "bcef43580c035376c0705c42792c294b66974abbfd2789b511784023f71f3273"
"checksum numtoa 0.1.0 (registry+https://github.com/rust-lang/crates.io-index)" = "b8f8bdf33df195859076e54ab11ee78a1b208382d3a26ec40d142ffc1ecc49ef"
"checksum ordered-float 1.0.2 (registry+https://github.com/rust-lang/crates.io-index)" = "18869315e81473c951eb56ad5558bbc56978562d3ecfb87abb7a1e944cea4518"
"checksum pin-utils 0.1.0-alpha.4 (registry+https://github.com/rust-lang/crates.io-index)" = "5894c618ce612a3fa23881b152b608bafb8c56cfc22f434a3ba3120b40f7b587"
"checksum platforms 0.2.1 (registry+https://github.com/rust-lang/crates.io-index)" = "feb3b2b1033b8a60b4da6ee470325f887758c95d5320f52f9ce0df055a55940e"
"checksum proc-macro-hack 0.5.11 (registry+https://github.com/rust-lang/crates.io-index)" = "ecd45702f76d6d3c75a80564378ae228a85f0b59d2f3ed43c91b4a69eb2ebfc5"
"checksum proc-macro-nested 0.1.3 (registry+https://github.com/rust-lang/crates.io-index)" = "369a6ed065f249a159e06c45752c780bda2fb53c995718f9e484d08daa9eb42e"
"checksum proc-macro2 1.0.5 (registry+https://github.com/rust-lang/crates.io-index)" = "90cf5f418035b98e655e9cdb225047638296b862b42411c4e45bb88d700f7fc0"
"checksum quote 1.0.2 (registry+https://github.com/rust-lang/crates.io-index)" = "053a8c8bcc71fcce321828dc897a98ab9760bef03a4fc36693c231e5b3216cfe"
"checksum raw-cpuid 7.0.3 (registry+https://github.com/rust-lang/crates.io-index)" = "b4a349ca83373cfa5d6dbb66fd76e58b2cca08da71a5f6400de0a0a6a9bceeaf"
"checksum rayon 1.2.0 (registry+https://github.com/rust-lang/crates.io-index)" = "83a27732a533a1be0a0035a111fe76db89ad312f6f0347004c220c57f209a123"
"checksum rayon-core 1.6.0 (registry+https://github.com/rust-lang/crates.io-index)" = "98dcf634205083b17d0861252431eb2acbfb698ab7478a2d20de07954f47ec7b"
"checksum redox_syscall 0.1.56 (registry+https://github.com/rust-lang/crates.io-index)" = "2439c63f3f6139d1b57529d16bc3b8bb855230c8efcc5d3a896c8bea7c3b1e84"
"checksum redox_termios 0.1.1 (registry+https://github.com/rust-lang/crates.io-index)" = "7e891cfe48e9100a70a3b6eb652fef28920c117d366339687bd5576160db0f76"
"checksum rustc_version 0.2.3 (registry+https://github.com/rust-lang/crates.io-index)" = "138e3e0acb6c9fb258b19b67cb8abd63c00679d2851805ea151465464fe9030a"
"checksum scopeguard 1.0.0 (registry+https://github.com/rust-lang/crates.io-index)" = "b42e15e59b18a828bbf5c58ea01debb36b9b096346de35d941dcb89009f24a0d"
"checksum semver 0.9.0 (registry+https://github.com/rust-lang/crates.io-index)" = "1d7eb9ef2c18661902cc47e535f9bc51b78acd254da71d375c2f6720d9a40403"
"checksum semver-parser 0.7.0 (registry+https://github.com/rust-lang/crates.io-index)" = "388a1df253eca08550bef6c72392cfe7c30914bf41df5269b68cbd6ff8f570a3"
"checksum slab 0.4.2 (registry+https://github.com/rust-lang/crates.io-index)" = "c111b5bd5695e56cffe5129854aa230b39c93a305372fdbb2668ca2394eea9f8"
"checksum strsim 0.7.0 (registry+https://github.com/rust-lang/crates.io-index)" = "bb4f380125926a99e52bc279241539c018323fab05ad6368b56f93d9369ff550"
"checksum syn 1.0.5 (registry+https://github.com/rust-lang/crates.io-index)" = "66850e97125af79138385e9b88339cbcd037e3f28ceab8c5ad98e64f0f1f80bf"
"checksum sys-info 0.5.8 (registry+https://github.com/rust-lang/crates.io-index)" = "0079fe39cec2c8215e21b0bc4ccec9031004c160b88358f531b601e96b77f0df"
"checksum sysinfo 0.9.5 (git+https://github.com/bvaisvil/sysinfo)" = "<none>"
"checksum termion 1.5.3 (registry+https://github.com/rust-lang/crates.io-index)" = "6a8fb22f7cde82c8220e5aeacb3258ed7ce996142c77cba193f203515e26c330"
"checksum textwrap 0.9.0 (registry+https://github.com/rust-lang/crates.io-index)" = "c0b59b6b4b44d867f1370ef1bd91bfb262bf07bf0ae65c202ea2fbc16153b693"
"checksum threadpool 1.7.1 (registry+https://github.com/rust-lang/crates.io-index)" = "e2f0c90a5f3459330ac8bc0d2f879c693bb7a2f59689c1083fc4ef83834da865"
"checksum time 0.1.42 (registry+https://github.com/rust-lang/crates.io-index)" = "db8dcfca086c1143c9270ac42a2bbd8a7ee477b78ac8e45b19abfb0cbede4b6f"
"checksum tui 0.6.2 (registry+https://github.com/rust-lang/crates.io-index)" = "73b422ff4986065d33272b587907654f918a3fe8702786a8110bf68dede0d8ee"
"checksum typenum 1.11.2 (registry+https://github.com/rust-lang/crates.io-index)" = "6d2783fe2d6b8c1101136184eb41be8b1ad379e4657050b8aaff0c79ee7575f9"
"checksum unicode-segmentation 1.6.0 (registry+https://github.com/rust-lang/crates.io-index)" = "e83e153d1053cbb5a118eeff7fd5be06ed99153f00dbcd8ae310c5fb2b22edc0"
"checksum unicode-width 0.1.6 (registry+https://github.com/rust-lang/crates.io-index)" = "7007dbd421b92cc6e28410fe7362e2e0a2503394908f417b68ec8d1c364c4e20"
"checksum unicode-xid 0.2.0 (registry+https://github.com/rust-lang/crates.io-index)" = "826e7639553986605ec5979c7dd957c7895e93eabed50ab2ffa7f6128a75097c"
"checksum uom 0.26.0 (registry+https://github.com/rust-lang/crates.io-index)" = "4cec796ec5f7ac557631709079168286056205c51c60aac33f51764bdc7b8dc4"
"checksum users 0.9.1 (registry+https://github.com/rust-lang/crates.io-index)" = "c72f4267aea0c3ec6d07eaabea6ead7c5ddacfafc5e22bcf8d186706851fb4cf"
"checksum vec_map 0.8.1 (registry+https://github.com/rust-lang/crates.io-index)" = "05c78687fb1a80548ae3250346c3db86a80a7cdd77bda190189f2d0a0987c81a"
"checksum void 1.0.2 (registry+https://github.com/rust-lang/crates.io-index)" = "6a02e4885ed3bc0f2de90ea6dd45ebcbb66dacffe03547fadbb0eeae2770887d"
"checksum widestring 0.4.0 (registry+https://github.com/rust-lang/crates.io-index)" = "effc0e4ff8085673ea7b9b2e3c73f6bd4d118810c9009ed8f1e16bd96c331db6"
"checksum winapi 0.3.8 (registry+https://github.com/rust-lang/crates.io-index)" = "8093091eeb260906a183e6ae1abdba2ef5ef2257a21801128899c3fc699229c6"
"checksum winapi-i686-pc-windows-gnu 0.4.0 (registry+https://github.com/rust-lang/crates.io-index)" = "ac3b87c63620426dd9b991e5ce0329eff545bccbbb34f3be09ff6fb6ab51b7b6"
"checksum winapi-x86_64-pc-windows-gnu 0.4.0 (registry+https://github.com/rust-lang/crates.io-index)" = "712e227841d057c1ee1cd2fb22fa7e5a5461ae8e48fa2ca79ec42cfc1931183f"
